
Microsoft Visual Studio Solution File, Format Version 12.00
# Visual Studio Version 17
VisualStudioVersion = 17.11.35222.181
MinimumVisualStudioVersion = 10.0.40219.1
Project("{FAE04EC0-301F-11D3-BF4B-00C04F79EFBC}") = "ExamenCore", "ExamenCore\ExamenCore.csproj", "{D54E1EB3-2134-411B-BAF4-743872A8EE6E}"
EndProject
Global
	GlobalSection(SolutionConfigurationPlatforms) = preSolution
		Debug|Any CPU = Debug|Any CPU
		Release|Any CPU = Release|Any CPU
	EndGlobalSection
	GlobalSection(ProjectConfigurationPlatforms) = postSolution
		{D54E1EB3-2134-411B-BAF4-743872A8EE6E}.Debug|Any CPU.ActiveCfg = Debug|Any CPU
		{D54E1EB3-2134-411B-BAF4-743872A8EE6E}.Debug|Any CPU.Build.0 = Debug|Any CPU
		{D54E1EB3-2134-411B-BAF4-743872A8EE6E}.Release|Any CPU.ActiveCfg = Release|Any CPU
		{D54E1EB3-2134-411B-BAF4-743872A8EE6E}.Release|Any CPU.Build.0 = Release|Any CPU
	EndGlobalSection
	GlobalSection(SolutionProperties) = preSolution
		HideSolutionNode = FALSE
	EndGlobalSection
	GlobalSection(ExtensibilityGlobals) = postSolution
		SolutionGuid = {6F72D9C1-EF51-4FF1-B223-7098EA6DC051}
	EndGlobalSection
EndGlobal
